
Microsoft Visual Studio Solution File, Format Version 11.00
# Visual Studio 2010
Project("{FAE04EC0-301F-11D3-BF4B-00C04F79EFBC}") = "Game2030_QBert_M1", "Assembly-CSharp.csproj", "{AA76BEC6-A507-6E13-9A4B-2F0FA24A8001}"
EndProject
Global
	GlobalSection(SolutionConfigurationPlatforms) = preSolution
		Debug|Any CPU = Debug|Any CPU
		Release|Any CPU = Release|Any CPU
	EndGlobalSection
	GlobalSection(ProjectConfigurationPlatforms) = postSolution
		{AA76BEC6-A507-6E13-9A4B-2F0FA24A8001}.Debug|Any CPU.ActiveCfg = Debug|Any CPU
		{AA76BEC6-A507-6E13-9A4B-2F0FA24A8001}.Debug|Any CPU.Build.0 = Debug|Any CPU
		{AA76BEC6-A507-6E13-9A4B-2F0FA24A8001}.Release|Any CPU.ActiveCfg = Release|Any CPU
		{AA76BEC6-A507-6E13-9A4B-2F0FA24A8001}.Release|Any CPU.Build.0 = Release|Any CPU
	EndGlobalSection
	GlobalSection(SolutionProperties) = preSolution
		HideSolutionNode = FALSE
	EndGlobalSection
	GlobalSection(MonoDevelopProperties) = preSolution
		StartupItem = Assembly-CSharp.csproj
	EndGlobalSection
EndGlobal
